Microsoft Visual Studio Solution File, Format Version 12.00
# Visual Studio Version 16
VisualStudioVersion = 16.0.30611.23
MinimumVisualStudioVersion = 10.0.40219.1
Project("{9A19103F-16F7-4668-BE54-9A1E7A4F7556}") = "Task_2", "Task_2\Task_2.csproj", "{171A5904-5E26-45FD-B73F-CF96AFE04A61}"
EndProject
Project("{9A19103F-16F7-4668-BE54-9A1E7A4F7556}") = "Task_4", "Task_4\Task_4.csproj", "{5E2F986C-158E-4028-8964-93C6E93B88D7}"
EndProject
Project("{9A19103F-16F7-4668-BE54-9A1E7A4F7556}") = "Task_3", "Task_3\Task_3.csproj", "{898C0E40-3C6F-4CAF-900A-A368FAB05DE8}"
EndProject
Project("{9A19103F-16F7-4668-BE54-9A1E7A4F7556}") = "Task_5", "Task_5\Task_5.csproj", "{3911F21D-3E45-4AC5-AD76-2D96006C7932}"
EndProject
Project("{9A19103F-16F7-4668-BE54-9A1E7A4F7556}") = "Task_9", "Task_9\Task_9.csproj", "{C10BA12D-2981-4819-8D56-293BDD71CAE4}"
EndProject
Project("{FAE04EC0-301F-11D3-BF4B-00C04F79EFBC}") = "Task_7_WF", "Task_7_WF\Task_7_WF.csproj", "{B65EF780-7D83-4173-8600-0C4A80917A5D}"
EndProject
Project("{9A19103F-16F7-4668-BE54-9A1E7A4F7556}") = "Task_6", "Task_6\Task_6.csproj", "{9006498E-F994-4EE0-A557-AE96460A8458}"
EndProject
Project("{9A19103F-16F7-4668-BE54-9A1E7A4F7556}") = "Task_8", "Task_8\Task_8.csproj", "{A38B9D20-825E-42E2-B784-9993AC7F2A69}"
EndProject
Global
	GlobalSection(SolutionConfigurationPlatforms) = preSolution
		Debug|Any CPU = Debug|Any CPU
		Release|Any CPU = Release|Any CPU
	EndGlobalSection
	GlobalSection(ProjectConfigurationPlatforms) = postSolution
		{171A5904-5E26-45FD-B73F-CF96AFE04A61}.Debug|Any CPU.ActiveCfg = Debug|Any CPU
		{171A5904-5E26-45FD-B73F-CF96AFE04A61}.Debug|Any CPU.Build.0 = Debug|Any CPU
		{171A5904-5E26-45FD-B73F-CF96AFE04A61}.Release|Any CPU.ActiveCfg = Release|Any CPU
		{171A5904-5E26-45FD-B73F-CF96AFE04A61}.Release|Any CPU.Build.0 = Release|Any CPU
		{5E2F986C-158E-4028-8964-93C6E93B88D7}.Debug|Any CPU.ActiveCfg = Debug|Any CPU
		{5E2F986C-158E-4028-8964-93C6E93B88D7}.Debug|Any CPU.Build.0 = Debug|Any CPU
		{5E2F986C-158E-4028-8964-93C6E93B88D7}.Release|Any CPU.ActiveCfg = Release|Any CPU
		{5E2F986C-158E-4028-8964-93C6E93B88D7}.Release|Any CPU.Build.0 = Release|Any CPU
		{898C0E40-3C6F-4CAF-900A-A368FAB05DE8}.Debug|Any CPU.ActiveCfg = Debug|Any CPU
		{898C0E40-3C6F-4CAF-900A-A368FAB05DE8}.Debug|Any CPU.Build.0 = Debug|Any CPU
		{898C0E40-3C6F-4CAF-900A-A368FAB05DE8}.Release|Any CPU.ActiveCfg = Release|Any CPU
		{898C0E40-3C6F-4CAF-900A-A368FAB05DE8}.Release|Any CPU.Build.0 = Release|Any CPU
		{3911F21D-3E45-4AC5-AD76-2D96006C7932}.Debug|Any CPU.ActiveCfg = Debug|Any CPU
		{3911F21D-3E45-4AC5-AD76-2D96006C7932}.Debug|Any CPU.Build.0 = Debug|Any CPU
		{3911F21D-3E45-4AC5-AD76-2D96006C7932}.Release|Any CPU.ActiveCfg = Release|Any CPU
		{3911F21D-3E45-4AC5-AD76-2D96006C7932}.Release|Any CPU.Build.0 = Release|Any CPU
		{C10BA12D-2981-4819-8D56-293BDD71CAE4}.Debug|Any CPU.ActiveCfg = Debug|Any CPU
		{C10BA12D-2981-4819-8D56-293BDD71CAE4}.Debug|Any CPU.Build.0 = Debug|Any CPU
		{C10BA12D-2981-4819-8D56-293BDD71CAE4}.Release|Any CPU.ActiveCfg = Release|Any CPU
		{C10BA12D-2981-4819-8D56-293BDD71CAE4}.Release|Any CPU.Build.0 = Release|Any CPU
		{B65EF780-7D83-4173-8600-0C4A80917A5D}.Debug|Any CPU.ActiveCfg = Debug|Any CPU
		{B65EF780-7D83-4173-8600-0C4A80917A5D}.Debug|Any CPU.Build.0 = Debug|Any CPU
		{B65EF780-7D83-4173-8600-0C4A80917A5D}.Release|Any CPU.ActiveCfg = Release|Any CPU
		{B65EF780-7D83-4173-8600-0C4A80917A5D}.Release|Any CPU.Build.0 = Release|Any CPU
		{9006498E-F994-4EE0-A557-AE96460A8458}.Debug|Any CPU.ActiveCfg = Debug|Any CPU
		{9006498E-F994-4EE0-A557-AE96460A8458}.Debug|Any CPU.Build.0 = Debug|Any CPU
		{9006498E-F994-4EE0-A557-AE96460A8458}.Release|Any CPU.ActiveCfg = Release|Any CPU
		{9006498E-F994-4EE0-A557-AE96460A8458}.Release|Any CPU.Build.0 = Release|Any CPU
		{A38B9D20-825E-42E2-B784-9993AC7F2A69}.Debug|Any CPU.ActiveCfg = Debug|Any CPU
		{A38B9D20-825E-42E2-B784-9993AC7F2A69}.Debug|Any CPU.Build.0 = Debug|Any CPU
		{A38B9D20-825E-42E2-B784-9993AC7F2A69}.Release|Any CPU.ActiveCfg = Release|Any CPU
	EndGlobalSection
	GlobalSection(SolutionProperties) = preSolution
		HideSolutionNode = FALSE
	EndGlobalSection
	GlobalSection(ExtensibilityGlobals) = postSolution
		SolutionGuid = {ADAEE5B6-DCBE-4E01-8F71-F0D38ECC6CEA}
	EndGlobalSection
EndGlobal
